
Microsoft Visual Studio Solution File, Format Version 12.00
# Visual Studio Version 17
VisualStudioVersion = 17.2.32630.192
MinimumVisualStudioVersion = 10.0.40219.1
Project("{00D1A9C2-B5F0-4AF3-8072-F6C62B433612}") = "DB.DepotEice", "DB.DepotEice\DB.DepotEice.sqlproj", "{8B38F6FA-CB24-48D5-A519-B77457EE8323}"
EndProject
Global
	GlobalSection(SolutionConfigurationPlatforms) = preSolution
		Debug|Any CPU = Debug|Any CPU
		Release|Any CPU = Release|Any CPU
	EndGlobalSection
	GlobalSection(ProjectConfigurationPlatforms) = postSolution
		{8B38F6FA-CB24-48D5-A519-B77457EE8323}.Debug|Any CPU.ActiveCfg = Debug|Any CPU
		{8B38F6FA-CB24-48D5-A519-B77457EE8323}.Debug|Any CPU.Build.0 = Debug|Any CPU
		{8B38F6FA-CB24-48D5-A519-B77457EE8323}.Debug|Any CPU.Deploy.0 = Debug|Any CPU
		{8B38F6FA-CB24-48D5-A519-B77457EE8323}.Release|Any CPU.ActiveCfg = Release|Any CPU
		{8B38F6FA-CB24-48D5-A519-B77457EE8323}.Release|Any CPU.Build.0 = Release|Any CPU
		{8B38F6FA-CB24-48D5-A519-B77457EE8323}.Release|Any CPU.Deploy.0 = Release|Any CPU
	EndGlobalSection
	GlobalSection(SolutionProperties) = preSolution
		HideSolutionNode = FALSE
	EndGlobalSection
	GlobalSection(ExtensibilityGlobals) = postSolution
		SolutionGuid = {7FEF0366-A8FF-4B1F-B5E7-E24E938C661D}
	EndGlobalSection
EndGlobal
